{
  "name": "mjml-button",
  "version": "4.0.0-alpha.5",
  "lockfileVersion": 1,
  "requires": true,
  "dependencies": {
    "lodash": {
      "version": "4.17.4",
      "resolved": "https://registry.npmjs.org/lodash/-/lodash-4.17.4.tgz",
      "integrity": "sha1-eCA6TRwyiuHYbcpkYONptX9AVa4="
    },
    "mjml-core": {
      "version": "4.0.0-alpha.5",
      "requires": {
        "html-minifier": "3.5.5",
        "js-beautify": "1.7.3",
        "juice": "4.1.1",
        "lodash": "4.17.4",
        "mjml-parser-xml": "4.0.0-alpha.4",
        "mjml-validator": "4.0.0-alpha.4",
        "object-path": "0.11.4"
      },
      "dependencies": {
        "abbrev": {
          "version": "1.1.1",
          "bundled": true
        },
        "ajv": {
          "version": "5.2.3",
          "bundled": true,
          "requires": {
            "co": "4.6.0",
            "fast-deep-equal": "1.0.0",
            "json-schema-traverse": "0.3.1",
            "json-stable-stringify": "1.0.1"
          }
        },
        "ansi-regex": {
          "version": "2.1.1",
          "bundled": true
        },
        "ansi-styles": {
          "version": "2.2.1",
          "bundled": true
        },
        "asn1": {
          "version": "0.2.3",
          "bundled": true
        },
        "assert-plus": {
          "version": "1.0.0",
          "bundled": true
        },
        "async": {
          "version": "2.5.0",
          "bundled": true,
          "requires": {
            "lodash": "4.17.4"
          }
        },
        "asynckit": {
          "version": "0.4.0",
          "bundled": true
        },
        "aws-sign2": {
          "version": "0.7.0",
          "bundled": true
        },
        "aws4": {
          "version": "1.6.0",
          "bundled": true
        },
        "bcrypt-pbkdf": {
          "version": "1.0.1",
          "bundled": true,
          "optional": true,
          "requires": {
            "tweetnacl": "0.14.5"
          }
        },
        "bluebird": {
          "version": "3.5.0",
          "bundled": true
        },
        "boolbase": {
          "version": "1.0.0",
          "bundled": true
        },
        "boom": {
          "version": "4.3.1",
          "bundled": true,
          "requires": {
            "hoek": "4.2.0"
          }
        },
        "camel-case": {
          "version": "3.0.0",
          "bundled": true,
          "requires": {
            "no-case": "2.3.2",
            "upper-case": "1.1.3"
          }
        },
        "caseless": {
          "version": "0.12.0",
          "bundled": true
        },
        "chalk": {
          "version": "1.1.3",
          "bundled": true,
          "requires": {
            "ansi-styles": "2.2.1",
            "escape-string-regexp": "1.0.5",
            "has-ansi": "2.0.0",
            "strip-ansi": "3.0.1",
            "supports-color": "2.0.0"
          }
        },
        "cheerio": {
          "version": "0.22.0",
          "bundled": true,
          "requires": {
            "css-select": "1.2.0",
            "dom-serializer": "0.1.0",
            "entities": "1.1.1",
            "htmlparser2": "3.9.2",
            "lodash.assignin": "4.2.0",
            "lodash.bind": "4.2.1",
            "lodash.defaults": "4.2.0",
            "lodash.filter": "4.6.0",
            "lodash.flatten": "4.4.0",
            "lodash.foreach": "4.5.0",
            "lodash.map": "4.6.0",
            "lodash.merge": "4.6.0",
            "lodash.pick": "4.4.0",
            "lodash.reduce": "4.6.0",
            "lodash.reject": "4.6.0",
            "lodash.some": "4.6.0"
          }
        },
        "clean-css": {
          "version": "4.1.9",
          "bundled": true,
          "requires": {
            "source-map": "0.5.7"
          }
        },
        "co": {
          "version": "4.6.0",
          "bundled": true
        },
        "combined-stream": {
          "version": "1.0.5",
          "bundled": true,
          "requires": {
            "delayed-stream": "1.0.0"
          }
        },
        "commander": {
          "version": "2.11.0",
          "bundled": true
        },
        "config-chain": {
          "version": "1.1.11",
          "bundled": true,
          "requires": {
            "ini": "1.3.4",
            "proto-list": "1.2.4"
          }
        },
        "core-util-is": {
          "version": "1.0.2",
          "bundled": true
        },
        "cross-spawn": {
          "version": "5.1.0",
          "bundled": true,
          "requires": {
            "lru-cache": "4.1.1",
            "shebang-command": "1.2.0",
            "which": "1.3.0"
          },
          "dependencies": {
            "lru-cache": {
              "version": "4.1.1",
              "bundled": true,
              "requires": {
                "pseudomap": "1.0.2",
                "yallist": "2.1.2"
              }
            }
          }
        },
        "cryptiles": {
          "version": "3.1.2",
          "bundled": true,
          "requires": {
            "boom": "5.2.0"
          },
          "dependencies": {
            "boom": {
              "version": "5.2.0",
              "bundled": true,
              "requires": {
                "hoek": "4.2.0"
              }
            }
          }
        },
        "css-select": {
          "version": "1.2.0",
          "bundled": true,
          "requires": {
            "boolbase": "1.0.0",
            "css-what": "2.1.0",
            "domutils": "1.5.1",
            "nth-check": "1.0.1"
          }
        },
        "css-what": {
          "version": "2.1.0",
          "bundled": true
        },
        "dashdash": {
          "version": "1.14.1",
          "bundled": true,
          "requires": {
            "assert-plus": "1.0.0"
          }
        },
        "datauri": {
          "version": "1.0.5",
          "bundled": true,
          "requires": {
            "image-size": "0.3.5",
            "mimer": "0.2.1",
            "semver": "5.4.1"
          }
        },
        "deep-extend": {
          "version": "0.5.0",
          "bundled": true
        },
        "delayed-stream": {
          "version": "1.0.0",
          "bundled": true
        },
        "dom-serializer": {
          "version": "0.1.0",
          "bundled": true,
          "requires": {
            "domelementtype": "1.1.3",
            "entities": "1.1.1"
          },
          "dependencies": {
            "domelementtype": {
              "version": "1.1.3",
              "bundled": true
            }
          }
        },
        "domelementtype": {
          "version": "1.3.0",
          "bundled": true
        },
        "domhandler": {
          "version": "2.4.1",
          "bundled": true,
          "requires": {
            "domelementtype": "1.3.0"
          }
        },
        "domutils": {
          "version": "1.5.1",
          "bundled": true,
          "requires": {
            "dom-serializer": "0.1.0",
            "domelementtype": "1.3.0"
          }
        },
        "ecc-jsbn": {
          "version": "0.1.1",
          "bundled": true,
          "optional": true,
          "requires": {
            "jsbn": "0.1.1"
          }
        },
        "editorconfig": {
          "version": "0.13.3",
          "bundled": true,
          "requires": {
            "bluebird": "3.5.0",
            "commander": "2.11.0",
            "lru-cache": "3.2.0",
            "semver": "5.4.1",
            "sigmund": "1.0.1"
          }
        },
        "entities": {
          "version": "1.1.1",
          "bundled": true
        },
        "escape-string-regexp": {
          "version": "1.0.5",
          "bundled": true
        },
        "extend": {
          "version": "3.0.1",
          "bundled": true
        },
        "extsprintf": {
          "version": "1.3.0",
          "bundled": true
        },
        "fast-deep-equal": {
          "version": "1.0.0",
          "bundled": true
        },
        "forever-agent": {
          "version": "0.6.1",
          "bundled": true
        },
        "form-data": {
          "version": "2.3.1",
          "bundled": true,
          "requires": {
            "asynckit": "0.4.0",
            "combined-stream": "1.0.5",
            "mime-types": "2.1.17"
          }
        },
        "getpass": {
          "version": "0.1.7",
          "bundled": true,
          "requires": {
            "assert-plus": "1.0.0"
          }
        },
        "graceful-readlink": {
          "version": "1.0.1",
          "bundled": true
        },
        "har-schema": {
          "version": "2.0.0",
          "bundled": true
        },
        "har-validator": {
          "version": "5.0.3",
          "bundled": true,
          "requires": {
            "ajv": "5.2.3",
            "har-schema": "2.0.0"
          }
        },
        "has-ansi": {
          "version": "2.0.0",
          "bundled": true,
          "requires": {
            "ansi-regex": "2.1.1"
          }
        },
        "hawk": {
          "version": "6.0.2",
          "bundled": true,
          "requires": {
            "boom": "4.3.1",
            "cryptiles": "3.1.2",
            "hoek": "4.2.0",
            "sntp": "2.0.2"
          }
        },
        "he": {
          "version": "1.1.1",
          "bundled": true
        },
        "hoek": {
          "version": "4.2.0",
          "bundled": true
        },
        "html-minifier": {
          "version": "3.5.5",
          "bundled": true,
          "requires": {
            "camel-case": "3.0.0",
            "clean-css": "4.1.9",
            "commander": "2.11.0",
            "he": "1.1.1",
            "ncname": "1.0.0",
            "param-case": "2.1.1",
            "relateurl": "0.2.7",
            "uglify-js": "3.1.3"
          }
        },
        "htmlparser2": {
          "version": "3.9.2",
          "bundled": true,
          "requires": {
            "domelementtype": "1.3.0",
            "domhandler": "2.4.1",
            "domutils": "1.6.2",
            "entities": "1.1.1",
            "inherits": "2.0.3",
            "readable-stream": "2.3.3"
          },
          "dependencies": {
            "domutils": {
              "version": "1.6.2",
              "bundled": true,
              "requires": {
                "dom-serializer": "0.1.0",
                "domelementtype": "1.3.0"
              }
            }
          }
        },
        "http-signature": {
          "version": "1.2.0",
          "bundled": true,
          "requires": {
            "assert-plus": "1.0.0",
            "jsprim": "1.4.1",
            "sshpk": "1.13.1"
          }
        },
        "image-size": {
          "version": "0.3.5",
          "bundled": true
        },
        "inherits": {
          "version": "2.0.3",
          "bundled": true
        },
        "ini": {
          "version": "1.3.4",
          "bundled": true
        },
        "is-typedarray": {
          "version": "1.0.0",
          "bundled": true
        },
        "isarray": {
          "version": "1.0.0",
          "bundled": true
        },
        "isexe": {
          "version": "2.0.0",
          "bundled": true
        },
        "isstream": {
          "version": "0.1.2",
          "bundled": true
        },
        "js-beautify": {
          "version": "1.7.3",
          "bundled": true,
          "requires": {
            "config-chain": "1.1.11",
            "editorconfig": "0.13.3",
            "mkdirp": "0.5.1",
            "nopt": "3.0.6"
          }
        },
        "jsbn": {
          "version": "0.1.1",
          "bundled": true,
          "optional": true
        },
        "json-schema": {
          "version": "0.2.3",
          "bundled": true
        },
        "json-schema-traverse": {
          "version": "0.3.1",
          "bundled": true
        },
        "json-stable-stringify": {
          "version": "1.0.1",
          "bundled": true,
          "requires": {
            "jsonify": "0.0.0"
          }
        },
        "json-stringify-safe": {
          "version": "5.0.1",
          "bundled": true
        },
        "jsonify": {
          "version": "0.0.0",
          "bundled": true
        },
        "jsprim": {
          "version": "1.4.1",
          "bundled": true,
          "requires": {
            "assert-plus": "1.0.0",
            "extsprintf": "1.3.0",
            "json-schema": "0.2.3",
            "verror": "1.10.0"
          }
        },
        "juice": {
          "version": "4.1.1",
          "bundled": true,
          "requires": {
            "cheerio": "0.22.0",
            "commander": "2.9.0",
            "cross-spawn": "5.1.0",
            "deep-extend": "0.5.0",
            "mensch": "0.3.3",
            "slick": "1.12.2",
            "web-resource-inliner": "4.1.1"
          },
          "dependencies": {
            "commander": {
              "version": "2.9.0",
              "bundled": true,
              "requires": {
                "graceful-readlink": "1.0.1"
              }
            }
          }
        },
        "lodash": {
          "version": "4.17.4",
          "bundled": true
        },
        "lodash.assignin": {
          "version": "4.2.0",
          "bundled": true
        },
        "lodash.bind": {
          "version": "4.2.1",
          "bundled": true
        },
        "lodash.defaults": {
          "version": "4.2.0",
          "bundled": true
        },
        "lodash.filter": {
          "version": "4.6.0",
          "bundled": true
        },
        "lodash.flatten": {
          "version": "4.4.0",
          "bundled": true
        },
        "lodash.foreach": {
          "version": "4.5.0",
          "bundled": true
        },
        "lodash.map": {
          "version": "4.6.0",
          "bundled": true
        },
        "lodash.merge": {
          "version": "4.6.0",
          "bundled": true
        },
        "lodash.pick": {
          "version": "4.4.0",
          "bundled": true
        },
        "lodash.reduce": {
          "version": "4.6.0",
          "bundled": true
        },
        "lodash.reject": {
          "version": "4.6.0",
          "bundled": true
        },
        "lodash.some": {
          "version": "4.6.0",
          "bundled": true
        },
        "lodash.unescape": {
          "version": "4.0.1",
          "bundled": true
        },
        "lower-case": {
          "version": "1.1.4",
          "bundled": true
        },
        "lru-cache": {
          "version": "3.2.0",
          "bundled": true,
          "requires": {
            "pseudomap": "1.0.2"
          }
        },
        "mensch": {
          "version": "0.3.3",
          "bundled": true
        },
        "mime-db": {
          "version": "1.30.0",
          "bundled": true
        },
        "mime-types": {
          "version": "2.1.17",
          "bundled": true,
          "requires": {
            "mime-db": "1.30.0"
          }
        },
        "mimer": {
          "version": "0.2.1",
          "bundled": true
        },
        "minimist": {
          "version": "0.0.8",
          "bundled": true
        },
        "mjml-parser-xml": {
          "version": "4.0.0-alpha.4",
          "bundled": true,
          "requires": {
            "htmlparser2": "3.9.2",
            "lodash": "4.17.4"
          },
          "dependencies": {
            "core-util-is": {
              "version": "1.0.2",
              "bundled": true
            },
            "dom-serializer": {
              "version": "0.1.0",
              "bundled": true,
              "requires": {
                "domelementtype": "1.1.3",
                "entities": "1.1.1"
              },
              "dependencies": {
                "domelementtype": {
                  "version": "1.1.3",
                  "bundled": true
                }
              }
            },
            "domelementtype": {
              "version": "1.3.0",
              "bundled": true
            },
            "domhandler": {
              "version": "2.4.1",
              "bundled": true,
              "requires": {
                "domelementtype": "1.3.0"
              }
            },
            "domutils": {
              "version": "1.6.2",
              "bundled": true,
              "requires": {
                "dom-serializer": "0.1.0",
                "domelementtype": "1.3.0"
              }
            },
            "entities": {
              "version": "1.1.1",
              "bundled": true
            },
            "htmlparser2": {
              "version": "3.9.2",
              "bundled": true,
              "requires": {
                "domelementtype": "1.3.0",
                "domhandler": "2.4.1",
                "domutils": "1.6.2",
                "entities": "1.1.1",
                "inherits": "2.0.3",
                "readable-stream": "2.3.3"
              }
            },
            "inherits": {
              "version": "2.0.3",
              "bundled": true
            },
            "isarray": {
              "version": "1.0.0",
              "bundled": true
            },
            "lodash": {
              "version": "4.17.4",
              "bundled": true
            },
            "process-nextick-args": {
              "version": "1.0.7",
              "bundled": true
            },
            "readable-stream": {
              "version": "2.3.3",
              "bundled": true,
              "requires": {
                "core-util-is": "1.0.2",
                "inherits": "2.0.3",
                "isarray": "1.0.0",
                "process-nextick-args": "1.0.7",
                "safe-buffer": "5.1.1",
                "string_decoder": "1.0.3",
                "util-deprecate": "1.0.2"
              }
            },
            "safe-buffer": {
              "version": "5.1.1",
              "bundled": true
            },
            "string_decoder": {
              "version": "1.0.3",
              "bundled": true,
              "requires": {
                "safe-buffer": "5.1.1"
              }
            },
            "util-deprecate": {
              "version": "1.0.2",
              "bundled": true
            }
          }
        },
        "mjml-validator": {
          "version": "4.0.0-alpha.4",
          "bundled": true,
          "requires": {
            "lodash": "4.17.4",
            "warning": "3.0.0"
          },
          "dependencies": {
            "js-tokens": {
              "version": "3.0.2",
              "bundled": true
            },
            "lodash": {
              "version": "4.17.4",
              "bundled": true
            },
            "loose-envify": {
              "version": "1.3.1",
              "bundled": true,
              "requires": {
                "js-tokens": "3.0.2"
              }
            },
            "warning": {
              "version": "3.0.0",
              "bundled": true,
              "requires": {
                "loose-envify": "1.3.1"
              }
            }
          }
        },
        "mkdirp": {
          "version": "0.5.1",
          "bundled": true,
          "requires": {
            "minimist": "0.0.8"
          }
        },
        "ncname": {
          "version": "1.0.0",
          "bundled": true,
          "requires": {
            "xml-char-classes": "1.0.0"
          }
        },
        "no-case": {
          "version": "2.3.2",
          "bundled": true,
          "requires": {
            "lower-case": "1.1.4"
          }
        },
        "nopt": {
          "version": "3.0.6",
          "bundled": true,
          "requires": {
            "abbrev": "1.1.1"
          }
        },
        "nth-check": {
          "version": "1.0.1",
          "bundled": true,
          "requires": {
            "boolbase": "1.0.0"
          }
        },
        "oauth-sign": {
          "version": "0.8.2",
          "bundled": true
        },
        "object-path": {
          "version": "0.11.4",
          "bundled": true
        },
        "param-case": {
          "version": "2.1.1",
          "bundled": true,
          "requires": {
            "no-case": "2.3.2"
          }
        },
        "performance-now": {
          "version": "2.1.0",
          "bundled": true
        },
        "process-nextick-args": {
          "version": "1.0.7",
          "bundled": true
        },
        "proto-list": {
          "version": "1.2.4",
          "bundled": true
        },
        "pseudomap": {
          "version": "1.0.2",
          "bundled": true
        },
        "punycode": {
          "version": "1.4.1",
          "bundled": true
        },
        "qs": {
          "version": "6.5.1",
          "bundled": true
        },
        "readable-stream": {
          "version": "2.3.3",
          "bundled": true,
          "requires": {
            "core-util-is": "1.0.2",
            "inherits": "2.0.3",
            "isarray": "1.0.0",
            "process-nextick-args": "1.0.7",
            "safe-buffer": "5.1.1",
            "string_decoder": "1.0.3",
            "util-deprecate": "1.0.2"
          }
        },
        "relateurl": {
          "version": "0.2.7",
          "bundled": true
        },
        "request": {
          "version": "2.83.0",
          "bundled": true,
          "requires": {
            "aws-sign2": "0.7.0",
            "aws4": "1.6.0",
            "caseless": "0.12.0",
            "combined-stream": "1.0.5",
            "extend": "3.0.1",
            "forever-agent": "0.6.1",
            "form-data": "2.3.1",
            "har-validator": "5.0.3",
            "hawk": "6.0.2",
            "http-signature": "1.2.0",
            "is-typedarray": "1.0.0",
            "isstream": "0.1.2",
            "json-stringify-safe": "5.0.1",
            "mime-types": "2.1.17",
            "oauth-sign": "0.8.2",
            "performance-now": "2.1.0",
            "qs": "6.5.1",
            "safe-buffer": "5.1.1",
            "stringstream": "0.0.5",
            "tough-cookie": "2.3.3",
            "tunnel-agent": "0.6.0",
            "uuid": "3.1.0"
          }
        },
        "safe-buffer": {
          "version": "5.1.1",
          "bundled": true
        },
        "semver": {
          "version": "5.4.1",
          "bundled": true
        },
        "shebang-command": {
          "version": "1.2.0",
          "bundled": true,
          "requires": {
            "shebang-regex": "1.0.0"
          }
        },
        "shebang-regex": {
          "version": "1.0.0",
          "bundled": true
        },
        "sigmund": {
          "version": "1.0.1",
          "bundled": true
        },
        "slick": {
          "version": "1.12.2",
          "bundled": true
        },
        "sntp": {
          "version": "2.0.2",
          "bundled": true,
          "requires": {
            "hoek": "4.2.0"
          }
        },
        "source-map": {
          "version": "0.5.7",
          "bundled": true
        },
        "sshpk": {
          "version": "1.13.1",
          "bundled": true,
          "requires": {
            "asn1": "0.2.3",
            "assert-plus": "1.0.0",
            "bcrypt-pbkdf": "1.0.1",
            "dashdash": "1.14.1",
            "ecc-jsbn": "0.1.1",
            "getpass": "0.1.7",
            "jsbn": "0.1.1",
            "tweetnacl": "0.14.5"
          }
        },
        "string_decoder": {
          "version": "1.0.3",
          "bundled": true,
          "requires": {
            "safe-buffer": "5.1.1"
          }
        },
        "stringstream": {
          "version": "0.0.5",
          "bundled": true
        },
        "strip-ansi": {
          "version": "3.0.1",
          "bundled": true,
          "requires": {
            "ansi-regex": "2.1.1"
          }
        },
        "supports-color": {
          "version": "2.0.0",
          "bundled": true
        },
        "tough-cookie": {
          "version": "2.3.3",
          "bundled": true,
          "requires": {
            "punycode": "1.4.1"
          }
        },
        "tunnel-agent": {
          "version": "0.6.0",
          "bundled": true,
          "requires": {
            "safe-buffer": "5.1.1"
          }
        },
        "tweetnacl": {
          "version": "0.14.5",
          "bundled": true,
          "optional": true
        },
        "uglify-js": {
          "version": "3.1.3",
          "bundled": true,
          "requires": {
            "commander": "2.11.0",
            "source-map": "0.5.7"
          }
        },
        "upper-case": {
          "version": "1.1.3",
          "bundled": true
        },
        "util-deprecate": {
          "version": "1.0.2",
          "bundled": true
        },
        "uuid": {
          "version": "3.1.0",
          "bundled": true
        },
        "verror": {
          "version": "1.10.0",
          "bundled": true,
          "requires": {
            "assert-plus": "1.0.0",
            "core-util-is": "1.0.2",
            "extsprintf": "1.3.0"
          }
        },
        "web-resource-inliner": {
          "version": "4.1.1",
          "bundled": true,
          "requires": {
            "async": "2.5.0",
            "chalk": "1.1.3",
            "datauri": "1.0.5",
            "htmlparser2": "3.9.2",
            "lodash.unescape": "4.0.1",
            "request": "2.83.0",
            "xtend": "4.0.1"
          }
        },
        "which": {
          "version": "1.3.0",
          "bundled": true,
          "requires": {
            "isexe": "2.0.0"
          }
        },
        "xml-char-classes": {
          "version": "1.0.0",
          "bundled": true
        },
        "xtend": {
          "version": "4.0.1",
          "bundled": true
        },
        "yallist": {
          "version": "2.1.2",
          "bundled": true
        }
      }
    }
  }
}
